
Microsoft Visual Studio Solution File, Format Version 12.00
# Visual Studio Version 17
VisualStudioVersion = 17.2.32526.322
MinimumVisualStudioVersion = 10.0.40219.1
Project("{FAE04EC0-301F-11D3-BF4B-00C04F79EFBC}") = "WindowsFormsApp5", "WindowsFormsApp5\WindowsFormsApp5.csproj", "{A32341B3-C9C8-4992-BD0B-AC97C93F40BB}"
EndProject
Global
	GlobalSection(SolutionConfigurationPlatforms) = preSolution
		Debug|Any CPU = Debug|Any CPU
		Release|Any CPU = Release|Any CPU
	EndGlobalSection
	GlobalSection(ProjectConfigurationPlatforms) = postSolution
		{A32341B3-C9C8-4992-BD0B-AC97C93F40BB}.Debug|Any CPU.ActiveCfg = Debug|Any CPU
		{A32341B3-C9C8-4992-BD0B-AC97C93F40BB}.Debug|Any CPU.Build.0 = Debug|Any CPU
		{A32341B3-C9C8-4992-BD0B-AC97C93F40BB}.Release|Any CPU.ActiveCfg = Release|Any CPU
		{A32341B3-C9C8-4992-BD0B-AC97C93F40BB}.Release|Any CPU.Build.0 = Release|Any CPU
	EndGlobalSection
	GlobalSection(SolutionProperties) = preSolution
		HideSolutionNode = FALSE
	EndGlobalSection
	GlobalSection(ExtensibilityGlobals) = postSolution
		SolutionGuid = {C7EA9147-322D-41E5-BDC6-6E4F2B3FEB02}
	EndGlobalSection
EndGlobal
