
Microsoft Visual Studio Solution File, Format Version 12.00
# Visual Studio Version 17
VisualStudioVersion = 17.2.32526.322
MinimumVisualStudioVersion = 10.0.40219.1
Project("{FAE04EC0-301F-11D3-BF4B-00C04F79EFBC}") = "WindowsFormsApp4", "WindowsFormsApp4\WindowsFormsApp4.csproj", "{285DF377-846D-46AD-8FE4-CDD521E6F591}"
EndProject
Project("{2150E333-8FDC-42A3-9474-1A3956D46DE8}") = "Элементы решения", "Элементы решения", "{1BE8D562-C484-4F4A-8E72-0051C186FF93}"
EndProject
Global
	GlobalSection(SolutionConfigurationPlatforms) = preSolution
		Debug|Any CPU = Debug|Any CPU
		Release|Any CPU = Release|Any CPU
	EndGlobalSection
	GlobalSection(ProjectConfigurationPlatforms) = postSolution
		{285DF377-846D-46AD-8FE4-CDD521E6F591}.Debug|Any CPU.ActiveCfg = Debug|Any CPU
		{285DF377-846D-46AD-8FE4-CDD521E6F591}.Debug|Any CPU.Build.0 = Debug|Any CPU
		{285DF377-846D-46AD-8FE4-CDD521E6F591}.Release|Any CPU.ActiveCfg = Release|Any CPU
		{285DF377-846D-46AD-8FE4-CDD521E6F591}.Release|Any CPU.Build.0 = Release|Any CPU
	EndGlobalSection
	GlobalSection(SolutionProperties) = preSolution
		HideSolutionNode = FALSE
	EndGlobalSection
	GlobalSection(ExtensibilityGlobals) = postSolution
		SolutionGuid = {B9D527FD-55F1-4F3E-B22A-6A99700A960F}
	EndGlobalSection
EndGlobal
